
Microsoft Visual Studio Solution File, Format Version 12.00
# Visual Studio 15
VisualStudioVersion = 15.0.27428.2043
MinimumVisualStudioVersion = 10.0.40219.1
Project("{FAE04EC0-301F-11D3-BF4B-00C04F79EFBC}") = "SteamStorefrontAPI", "SteamStorefrontAPI\SteamStorefrontAPI.csproj", "{76131ABE-46BD-4A82-B5E6-F29A47F2F64D}"
EndProject
Project("{FAE04EC0-301F-11D3-BF4B-00C04F79EFBC}") = "SteamStorefrontConsole", "SteamStorefrontConsole\SteamStorefrontConsole.csproj", "{44AAB32B-8986-48E0-8A08-42CE967D01F4}"
EndProject
Global
	GlobalSection(SolutionConfigurationPlatforms) = preSolution
		Debug|Any CPU = Debug|Any CPU
		Release|Any CPU = Release|Any CPU
	EndGlobalSection
	GlobalSection(ProjectConfigurationPlatforms) = postSolution
		{76131ABE-46BD-4A82-B5E6-F29A47F2F64D}.Debug|Any CPU.ActiveCfg = Debug|Any CPU
		{76131ABE-46BD-4A82-B5E6-F29A47F2F64D}.Debug|Any CPU.Build.0 = Debug|Any CPU
		{76131ABE-46BD-4A82-B5E6-F29A47F2F64D}.Release|Any CPU.ActiveCfg = Release|Any CPU
		{76131ABE-46BD-4A82-B5E6-F29A47F2F64D}.Release|Any CPU.Build.0 = Release|Any CPU
		{44AAB32B-8986-48E0-8A08-42CE967D01F4}.Debug|Any CPU.ActiveCfg = Debug|Any CPU
		{44AAB32B-8986-48E0-8A08-42CE967D01F4}.Debug|Any CPU.Build.0 = Debug|Any CPU
		{44AAB32B-8986-48E0-8A08-42CE967D01F4}.Release|Any CPU.ActiveCfg = Release|Any CPU
		{44AAB32B-8986-48E0-8A08-42CE967D01F4}.Release|Any CPU.Build.0 = Release|Any CPU
	EndGlobalSection
	GlobalSection(SolutionProperties) = preSolution
		HideSolutionNode = FALSE
	EndGlobalSection
	GlobalSection(ExtensibilityGlobals) = postSolution
		SolutionGuid = {C016A781-9FB1-414A-882E-7321F301D749}
	EndGlobalSection
EndGlobal
